
Microsoft Visual Studio Solution File, Format Version 12.00
# Visual Studio 14
VisualStudioVersion = 14.0.25420.1
MinimumVisualStudioVersion = 10.0.40219.1
Project("{FAE04EC0-301F-11D3-BF4B-00C04F79EFBC}") = "ProjectC-interface", "ProjectC-interface\ProjectC-interface.csproj", "{7C3AFDB6-5945-4F51-9B68-9605FD002010}"
EndProject
Project("{8BC9CEB8-8B4A-11D0-8D11-00A0C91BC942}") = "ProjectC-core", "ProjectC-core\ProjectC.vcxproj", "{E7C42C6D-189A-4E22-AB6B-9D2770DFB662}"
EndProject
Global
	GlobalSection(SolutionConfigurationPlatforms) = preSolution
		Debug|Any CPU = Debug|Any CPU
		Debug|x64 = Debug|x64
		Debug|x86 = Debug|x86
		Release|Any CPU = Release|Any CPU
		Release|x64 = Release|x64
		Release|x86 = Release|x86
	EndGlobalSection
	GlobalSection(ProjectConfigurationPlatforms) = postSolution
		{7C3AFDB6-5945-4F51-9B68-9605FD002010}.Debug|Any CPU.ActiveCfg = Debug|Any CPU
		{7C3AFDB6-5945-4F51-9B68-9605FD002010}.Debug|Any CPU.Build.0 = Debug|Any CPU
		{7C3AFDB6-5945-4F51-9B68-9605FD002010}.Debug|x64.ActiveCfg = Debug|Any CPU
		{7C3AFDB6-5945-4F51-9B68-9605FD002010}.Debug|x64.Build.0 = Debug|Any CPU
		{7C3AFDB6-5945-4F51-9B68-9605FD002010}.Debug|x86.ActiveCfg = Debug|Any CPU
		{7C3AFDB6-5945-4F51-9B68-9605FD002010}.Debug|x86.Build.0 = Debug|Any CPU
		{7C3AFDB6-5945-4F51-9B68-9605FD002010}.Release|Any CPU.ActiveCfg = Release|Any CPU
		{7C3AFDB6-5945-4F51-9B68-9605FD002010}.Release|Any CPU.Build.0 = Release|Any CPU
		{7C3AFDB6-5945-4F51-9B68-9605FD002010}.Release|x64.ActiveCfg = Release|Any CPU
		{7C3AFDB6-5945-4F51-9B68-9605FD002010}.Release|x64.Build.0 = Release|Any CPU
		{7C3AFDB6-5945-4F51-9B68-9605FD002010}.Release|x86.ActiveCfg = Release|Any CPU
		{7C3AFDB6-5945-4F51-9B68-9605FD002010}.Release|x86.Build.0 = Release|Any CPU
		{E7C42C6D-189A-4E22-AB6B-9D2770DFB662}.Debug|Any CPU.ActiveCfg = Debug|Win32
		{E7C42C6D-189A-4E22-AB6B-9D2770DFB662}.Debug|x64.ActiveCfg = Debug|x64
		{E7C42C6D-189A-4E22-AB6B-9D2770DFB662}.Debug|x64.Build.0 = Debug|x64
		{E7C42C6D-189A-4E22-AB6B-9D2770DFB662}.Debug|x86.ActiveCfg = Debug|Win32
		{E7C42C6D-189A-4E22-AB6B-9D2770DFB662}.Debug|x86.Build.0 = Debug|Win32
		{E7C42C6D-189A-4E22-AB6B-9D2770DFB662}.Release|Any CPU.ActiveCfg = Release|Win32
		{E7C42C6D-189A-4E22-AB6B-9D2770DFB662}.Release|x64.ActiveCfg = Release|x64
		{E7C42C6D-189A-4E22-AB6B-9D2770DFB662}.Release|x64.Build.0 = Release|x64
		{E7C42C6D-189A-4E22-AB6B-9D2770DFB662}.Release|x86.ActiveCfg = Release|Win32
		{E7C42C6D-189A-4E22-AB6B-9D2770DFB662}.Release|x86.Build.0 = Release|Win32
	EndGlobalSection
	GlobalSection(SolutionProperties) = preSolution
		HideSolutionNode = FALSE
	EndGlobalSection
EndGlobal
